# This file is automatically @generated by Cargo.
# It is not intended for manual editing.
version = 3

[[package]]
name = "day-0-cookie-cutter"
version = "0.1.0"
dependencies = [
 "toolkit",
]

[[package]]
name = "day-1-trebuchet"
version = "0.1.0"
dependencies = [
 "toolkit",
]

[[package]]
name = "day-10-pipes"
version = "0.1.0"
dependencies = [
 "toolkit",
]

[[package]]
name = "day-11-galaxies"
version = "0.1.0"
dependencies = [
 "toolkit",
]

[[package]]
name = "day-2-cubes"
version = "0.1.0"
dependencies = [
 "toolkit",
]

[[package]]
name = "day-3-gears"
version = "0.1.0"
dependencies = [
 "toolkit",
]

[[package]]
name = "day-4-scratch-cards"
version = "0.1.0"
dependencies = [
 "toolkit",
]

[[package]]
name = "day-5-seeds"
version = "0.1.0"
dependencies = [
 "toolkit",
]

[[package]]
name = "day-6-boat-race"
version = "0.1.0"
dependencies = [
 "toolkit",
]

[[package]]
name = "day-7-camel-card"
version = "0.1.0"
dependencies = [
 "toolkit",
]

[[package]]
name = "day-8-nodes"
version = "0.1.0"
dependencies = [
 "toolkit",
]

[[package]]
name = "day-9-oasis"
version = "0.1.0"
dependencies = [
 "toolkit",
]

[[package]]
name = "toolkit"
version = "0.1.0"
